// !$*UTF8*$!
{
	archiveVersion = 1;
	classes = {
	};
	objectVersion = 56;
	objects = {

/* Begin PBXBuildFile section */
		46C351042EA4737C004FEAD9 /* AppDelegate.m in Sources */ = {isa = PBXBuildFile; fileRef = 46C351032EA4737C004FEAD9 /* AppDelegate.m */; };
		46C351072EA4737C004FEAD9 /* ViewController.m in Sources */ = {isa = PBXBuildFile; fileRef = 46C351062EA4737C004FEAD9 /* ViewController.m */; };
		46C3510A2EA4737C004FEAD9 /* DiagnosticsTool.xcdatamodeld in Sources */ = {isa = PBXBuildFile; fileRef = 46C351082EA4737C004FEAD9 /* DiagnosticsTool.xcdatamodeld */; };
		46C3510C2EA4737F004FEAD9 /* Assets.xcassets in Resources */ = {isa = PBXBuildFile; fileRef = 46C3510B2EA4737F004FEAD9 /* Assets.xcassets */; };
		46C3510F2EA4737F004FEAD9 /* Base in Resources */ = {isa = PBXBuildFile; fileRef = 46C3510E2EA4737F004FEAD9 /* Base */; };
		46C351112EA4737F004FEAD9 /* main.m in Sources */ = {isa = PBXBuildFile; fileRef = 46C351102EA4737F004FEAD9 /* main.m */; };
		46C3511C2EA4737F004FEAD9 /* DiagnosticsToolTests.m in Sources */ = {isa = PBXBuildFile; fileRef = 46C3511B2EA4737F004FEAD9 /* DiagnosticsToolTests.m */; };
		46C351262EA4737F004FEAD9 /* DiagnosticsToolUITests.m in Sources */ = {isa = PBXBuildFile; fileRef = 46C351252EA4737F004FEAD9 /* DiagnosticsToolUITests.m */; };
		46C351282EA4737F004FEAD9 /* DiagnosticsToolUITestsLaunchTests.m in Sources */ = {isa = PBXBuildFile; fileRef = 46C351272EA4737F004FEAD9 /* DiagnosticsToolUITestsLaunchTests.m */; };
		46C3513F2EA5351F004FEAD9 /* AppCoordinator.m in Sources */ = {isa = PBXBuildFile; fileRef = 46C3513A2EA5351E004FEAD9 /* AppCoordinator.m */; };
		46C351402EA5351F004FEAD9 /* DiagnosticsViewController.m in Sources */ = {isa = PBXBuildFile; fileRef = 46C3513C2EA5351F004FEAD9 /* DiagnosticsViewController.m */; };
		46C351412EA5351F004FEAD9 /* LogsViewController.m in Sources */ = {isa = PBXBuildFile; fileRef = 46C3513D2EA5351F004FEAD9 /* LogsViewController.m */; };
		46C351422EA5351F004FEAD9 /* CrashViewController.m in Sources */ = {isa = PBXBuildFile; fileRef = 46C3513E2EA5351F004FEAD9 /* CrashViewController.m */; };
		46C3514B2EA53560004FEAD9 /* MetricsListener.m in Sources */ = {isa = PBXBuildFile; fileRef = 46C351452EA53560004FEAD9 /* MetricsListener.m */; };
		46C3514C2EA53560004FEAD9 /* CrashReporterAdapter.m in Sources */ = {isa = PBXBuildFile; fileRef = 46C351472EA53560004FEAD9 /* CrashReporterAdapter.m */; };
		46C3514D2EA53560004FEAD9 /* DiagnosticBundleBuilder.m in Sources */ = {isa = PBXBuildFile; fileRef = 46C351482EA53560004FEAD9 /* DiagnosticBundleBuilder.m */; };
		46C3514E2EA53560004FEAD9 /* Redactor.m in Sources */ = {isa = PBXBuildFile; fileRef = 46C351492EA53560004FEAD9 /* Redactor.m */; };
		46C351512EA53693004FEAD9 /* MetricKit.framework in Frameworks */ = {isa = PBXBuildFile; fileRef = 46C351502EA53693004FEAD9 /* MetricKit.framework */; };
		46C351532EA5369F004FEAD9 /* Network.framework in Frameworks */ = {isa = PBXBuildFile; fileRef = 46C351522EA5369F004FEAD9 /* Network.framework */; };
		46C351552EA536AB004FEAD9 /* OSLog.framework in Frameworks */ = {isa = PBXBuildFile; fileRef = 46C351542EA536AB004FEAD9 /* OSLog.framework */; };
		46C351562EA5617A004FEAD9 /* MetricKit.framework in Frameworks */ = {isa = PBXBuildFile; fileRef = 46C351502EA53693004FEAD9 /* MetricKit.framework */; };
		891DA741DF7929922EA40116 /* Pods_DiagnosticsToolTests.framework in Frameworks */ = {isa = PBXBuildFile; fileRef = 7C6CB6BFF2938DE1B563131B /* Pods_DiagnosticsToolTests.framework */; };
		F69CE9C96253D65888EEAB16 /* Pods_DiagnosticsTool.framework in Frameworks */ = {isa = PBXBuildFile; fileRef = B4EBF4599B05C3B3E3BFE5EE /* Pods_DiagnosticsTool.framework */; };
		FA103B055350773028878BF0 /* Pods_DiagnosticsTool_DiagnosticsToolUITests.framework in Frameworks */ = {isa = PBXBuildFile; fileRef = 8538C336C595230DF3C69031 /* Pods_DiagnosticsTool_DiagnosticsToolUITests.framework */; };
		DD3935D4AE5F46A6A6E1 /* LogCollector.m in Sources */ = {isa = PBXBuildFile; fileRef = 7049D6C568164D7CB9D8 /* LogCollector.m */; };
	/* End PBXBuildFile section */

/* Begin PBXContainerItemProxy section */
		46C351182EA4737F004FEAD9 /* PBXContainerItemProxy */ = {
			isa = PBXContainerItemProxy;
			containerPortal = 46C350F72EA4737C004FEAD9 /* Project object */;
			proxyType = 1;
			remoteGlobalIDString = 46C350FE2EA4737C004FEAD9;
			remoteInfo = DiagnosticsTool;
		};
		46C351222EA4737F004FEAD9 /* PBXContainerItemProxy */ = {
			isa = PBXContainerItemProxy;
			containerPortal = 46C350F72EA4737C004FEAD9 /* Project object */;
			proxyType = 1;
			remoteGlobalIDString = 46C350FE2EA4737C004FEAD9;
			remoteInfo = DiagnosticsTool;
		};
/* End PBXContainerItemProxy section */

/* Begin PBXFileReference section */
		1767ED783A5BE6359BC82CA3 /* Pods-DiagnosticsTool-DiagnosticsToolUITests.debug.xcconfig */ = {isa = PBXFileReference; includeInIndex = 1; lastKnownFileType = text.xcconfig; name = "Pods-DiagnosticsTool-DiagnosticsToolUITests.debug.xcconfig"; path = "Target Support Files/Pods-DiagnosticsTool-DiagnosticsToolUITests/Pods-DiagnosticsTool-DiagnosticsToolUITests.debug.xcconfig"; sourceTree = "<group>"; };
		205C80CA8F5829B59EDE1E60 /* Pods-DiagnosticsTool.debug.xcconfig */ = {isa = PBXFileReference; includeInIndex = 1; lastKnownFileType = text.xcconfig; name = "Pods-DiagnosticsTool.debug.xcconfig"; path = "Target Support Files/Pods-DiagnosticsTool/Pods-DiagnosticsTool.debug.xcconfig"; sourceTree = "<group>"; };
		46C350FF2EA4737C004FEAD9 /* DiagnosticsTool.app */ = {isa = PBXFileReference; explicitFileType = wrapper.application; includeInIndex = 0; path = DiagnosticsTool.app; sourceTree = BUILT_PRODUCTS_DIR; };
		46C351022EA4737C004FEAD9 /* AppDelegate.h */ = {isa = PBXFileReference; lastKnownFileType = sourcecode.c.h; path = AppDelegate.h; sourceTree = "<group>"; };
		46C351032EA4737C004FEAD9 /* AppDelegate.m */ = {isa = PBXFileReference; lastKnownFileType = sourcecode.c.objc; path = AppDelegate.m; sourceTree = "<group>"; };
		46C351052EA4737C004FEAD9 /* ViewController.h */ = {isa = PBXFileReference; lastKnownFileType = sourcecode.c.h; path = ViewController.h; sourceTree = "<group>"; };
		46C351062EA4737C004FEAD9 /* ViewController.m */ = {isa = PBXFileReference; lastKnownFileType = sourcecode.c.objc; path = ViewController.m; sourceTree = "<group>"; };
		46C351092EA4737C004FEAD9 /* DiagnosticsTool.xcdatamodel */ = {isa = PBXFileReference; lastKnownFileType = wrapper.xcdatamodel; path = DiagnosticsTool.xcdatamodel; sourceTree = "<group>"; };
		46C3510B2EA4737F004FEAD9 /* Assets.xcassets */ = {isa = PBXFileReference; lastKnownFileType = folder.assetcatalog; path = Assets.xcassets; sourceTree = "<group>"; };
		46C3510E2EA4737F004FEAD9 /* Base */ = {isa = PBXFileReference; lastKnownFileType = file.storyboard; name = Base; path = Base.lproj/Main.storyboard; sourceTree = "<group>"; };
		46C351102EA4737F004FEAD9 /* main.m */ = {isa = PBXFileReference; lastKnownFileType = sourcecode.c.objc; path = main.m; sourceTree = "<group>"; };
		46C351122EA4737F004FEAD9 /* DiagnosticsTool.entitlements */ = {isa = PBXFileReference; lastKnownFileType = text.plist.entitlements; path = DiagnosticsTool.entitlements; sourceTree = "<group>"; };
		46C351172EA4737F004FEAD9 /* DiagnosticsToolTests.xctest */ = {isa = PBXFileReference; explicitFileType = wrapper.cfbundle; includeInIndex = 0; path = DiagnosticsToolTests.xctest; sourceTree = BUILT_PRODUCTS_DIR; };
		46C3511B2EA4737F004FEAD9 /* DiagnosticsToolTests.m */ = {isa = PBXFileReference; lastKnownFileType = sourcecode.c.objc; path = DiagnosticsToolTests.m; sourceTree = "<group>"; };
		46C351212EA4737F004FEAD9 /* DiagnosticsToolUITests.xctest */ = {isa = PBXFileReference; explicitFileType = wrapper.cfbundle; includeInIndex = 0; path = DiagnosticsToolUITests.xctest; sourceTree = BUILT_PRODUCTS_DIR; };
		46C351252EA4737F004FEAD9 /* DiagnosticsToolUITests.m */ = {isa = PBXFileReference; lastKnownFileType = sourcecode.c.objc; path = DiagnosticsToolUITests.m; sourceTree = "<group>"; };
		46C351272EA4737F004FEAD9 /* DiagnosticsToolUITestsLaunchTests.m */ = {isa = PBXFileReference; lastKnownFileType = sourcecode.c.objc; path = DiagnosticsToolUITestsLaunchTests.m; sourceTree = "<group>"; };
		46C351372EA5351E004FEAD9 /* AppCoordinator.h */ = {isa = PBXFileReference; fileEncoding = 4; lastKnownFileType = sourcecode.c.h; path = AppCoordinator.h; sourceTree = "<group>"; };
		46C351382EA5351E004FEAD9 /* CrashViewController.h */ = {isa = PBXFileReference; fileEncoding = 4; lastKnownFileType = sourcecode.c.h; path = CrashViewController.h; sourceTree = "<group>"; };
		46C351392EA5351E004FEAD9 /* DiagnosticsViewController.h */ = {isa = PBXFileReference; fileEncoding = 4; lastKnownFileType = sourcecode.c.h; path = DiagnosticsViewController.h; sourceTree = "<group>"; };
		46C3513A2EA5351E004FEAD9 /* AppCoordinator.m */ = {isa = PBXFileReference; fileEncoding = 4; lastKnownFileType = sourcecode.c.objc; path = AppCoordinator.m; sourceTree = "<group>"; };
		46C3513B2EA5351E004FEAD9 /* LogsViewController.h */ = {isa = PBXFileReference; fileEncoding = 4; lastKnownFileType = sourcecode.c.h; path = LogsViewController.h; sourceTree = "<group>"; };
		46C3513C2EA5351F004FEAD9 /* DiagnosticsViewController.m */ = {isa = PBXFileReference; fileEncoding = 4; lastKnownFileType = sourcecode.c.objc; path = DiagnosticsViewController.m; sourceTree = "<group>"; };
		46C3513D2EA5351F004FEAD9 /* LogsViewController.m */ = {isa = PBXFileReference; fileEncoding = 4; lastKnownFileType = sourcecode.c.objc; path = LogsViewController.m; sourceTree = "<group>"; };
		46C3513E2EA5351F004FEAD9 /* CrashViewController.m */ = {isa = PBXFileReference; fileEncoding = 4; lastKnownFileType = sourcecode.c.objc; path = CrashViewController.m; sourceTree = "<group>"; };
		46C351432EA53560004FEAD9 /* DiagnosticBundleBuilder.h */ = {isa = PBXFileReference; fileEncoding = 4; lastKnownFileType = sourcecode.c.h; path = DiagnosticBundleBuilder.h; sourceTree = "<group>"; };
		46C351442EA53560004FEAD9 /* MetricsListener.h */ = {isa = PBXFileReference; fileEncoding = 4; lastKnownFileType = sourcecode.c.h; path = MetricsListener.h; sourceTree = "<group>"; };
		46C351452EA53560004FEAD9 /* MetricsListener.m */ = {isa = PBXFileReference; fileEncoding = 4; lastKnownFileType = sourcecode.c.objc; path = MetricsListener.m; sourceTree = "<group>"; };
		46C351462EA53560004FEAD9 /* CrashReporterAdapter.h */ = {isa = PBXFileReference; fileEncoding = 4; lastKnownFileType = sourcecode.c.h; path = CrashReporterAdapter.h; sourceTree = "<group>"; };
		46C351472EA53560004FEAD9 /* CrashReporterAdapter.m */ = {isa = PBXFileReference; fileEncoding = 4; lastKnownFileType = sourcecode.c.objc; path = CrashReporterAdapter.m; sourceTree = "<group>"; };
		46C351482EA53560004FEAD9 /* DiagnosticBundleBuilder.m */ = {isa = PBXFileReference; fileEncoding = 4; lastKnownFileType = sourcecode.c.objc; path = DiagnosticBundleBuilder.m; sourceTree = "<group>"; };
		46C351492EA53560004FEAD9 /* Redactor.m */ = {isa = PBXFileReference; fileEncoding = 4; lastKnownFileType = sourcecode.c.objc; path = Redactor.m; sourceTree = "<group>"; };
		46C3514A2EA53560004FEAD9 /* Redactor.h */ = {isa = PBXFileReference; fileEncoding = 4; lastKnownFileType = sourcecode.c.h; path = Redactor.h; sourceTree = "<group>"; };
		46C351502EA53693004FEAD9 /* MetricKit.framework */ = {isa = PBXFileReference; lastKnownFileType = wrapper.framework; name = MetricKit.framework; path = System/Library/Frameworks/MetricKit.framework; sourceTree = SDKROOT; };
		46C351522EA5369F004FEAD9 /* Network.framework */ = {isa = PBXFileReference; lastKnownFileType = wrapper.framework; name = Network.framework; path = System/Library/Frameworks/Network.framework; sourceTree = SDKROOT; };
		46C351542EA536AB004FEAD9 /* OSLog.framework */ = {isa = PBXFileReference; lastKnownFileType = wrapper.framework; name = OSLog.framework; path = System/Library/Frameworks/OSLog.framework; sourceTree = SDKROOT; };
		777D824C6AE0DDBA54BDC946 /* Pods-DiagnosticsTool-DiagnosticsToolUITests.release.xcconfig */ = {isa = PBXFileReference; includeInIndex = 1; lastKnownFileType = text.xcconfig; name = "Pods-DiagnosticsTool-DiagnosticsToolUITests.release.xcconfig"; path = "Target Support Files/Pods-DiagnosticsTool-DiagnosticsToolUITests/Pods-DiagnosticsTool-DiagnosticsToolUITests.release.xcconfig"; sourceTree = "<group>"; };
		7C6CB6BFF2938DE1B563131B /* Pods_DiagnosticsToolTests.framework */ = {isa = PBXFileReference; explicitFileType = wrapper.framework; includeInIndex = 0; path = Pods_DiagnosticsToolTests.framework; sourceTree = BUILT_PRODUCTS_DIR; };
		8538C336C595230DF3C69031 /* Pods_DiagnosticsTool_DiagnosticsToolUITests.framework */ = {isa = PBXFileReference; explicitFileType = wrapper.framework; includeInIndex = 0; path = Pods_DiagnosticsTool_DiagnosticsToolUITests.framework; sourceTree = BUILT_PRODUCTS_DIR; };
		B4EBF4599B05C3B3E3BFE5EE /* Pods_DiagnosticsTool.framework */ = {isa = PBXFileReference; explicitFileType = wrapper.framework; includeInIndex = 0; path = Pods_DiagnosticsTool.framework; sourceTree = BUILT_PRODUCTS_DIR; };
		C4BD0796CB00CE1E3144D0C8 /* Pods-DiagnosticsTool.release.xcconfig */ = {isa = PBXFileReference; includeInIndex = 1; lastKnownFileType = text.xcconfig; name = "Pods-DiagnosticsTool.release.xcconfig"; path = "Target Support Files/Pods-DiagnosticsTool/Pods-DiagnosticsTool.release.xcconfig"; sourceTree = "<group>"; };
		C7374B5022BE29B06025073B /* Pods-DiagnosticsToolTests.debug.xcconfig */ = {isa = PBXFileReference; includeInIndex = 1; lastKnownFileType = text.xcconfig; name = "Pods-DiagnosticsToolTests.debug.xcconfig"; path = "Target Support Files/Pods-DiagnosticsToolTests/Pods-DiagnosticsToolTests.debug.xcconfig"; sourceTree = "<group>"; };
		FB6FD19B593968F0CEA9EDE1 /* Pods-DiagnosticsToolTests.release.xcconfig */ = {isa = PBXFileReference; includeInIndex = 1; lastKnownFileType = text.xcconfig; name = "Pods-DiagnosticsToolTests.release.xcconfig"; path = "Target Support Files/Pods-DiagnosticsToolTests/Pods-DiagnosticsToolTests.release.xcconfig"; sourceTree = "<group>"; };
		774D61F1329345F2841B /* LogCollector.h */ = {isa = PBXFileReference; fileEncoding = 4; lastKnownFileType = sourcecode.c.h; path = LogCollector.h; sourceTree = "<group>"; };
		7049D6C568164D7CB9D8 /* LogCollector.m */ = {isa = PBXFileReference; fileEncoding = 4; lastKnownFileType = sourcecode.c.objc; path = LogCollector.m; sourceTree = "<group>"; };
	/* End PBXFileReference section */

/* Begin PBXFrameworksBuildPhase section */
		46C350FC2EA4737C004FEAD9 /* Frameworks */ = {
			isa = PBXFrameworksBuildPhase;
			buildActionMask = 2147483647;
			files = (
				46C351562EA5617A004FEAD9 /* MetricKit.framework in Frameworks */,
				46C351552EA536AB004FEAD9 /* OSLog.framework in Frameworks */,
				46C351532EA5369F004FEAD9 /* Network.framework in Frameworks */,
				46C351512EA53693004FEAD9 /* MetricKit.framework in Frameworks */,
				F69CE9C96253D65888EEAB16 /* Pods_DiagnosticsTool.framework in Frameworks */,
			);
			runOnlyForDeploymentPostprocessing = 0;
		};
		46C351142EA4737F004FEAD9 /* Frameworks */ = {
			isa = PBXFrameworksBuildPhase;
			buildActionMask = 2147483647;
			files = (
				891DA741DF7929922EA40116 /* Pods_DiagnosticsToolTests.framework in Frameworks */,
			);
			runOnlyForDeploymentPostprocessing = 0;
		};
		46C3511E2EA4737F004FEAD9 /* Frameworks */ = {
			isa = PBXFrameworksBuildPhase;
			buildActionMask = 2147483647;
			files = (
				FA103B055350773028878BF0 /* Pods_DiagnosticsTool_DiagnosticsToolUITests.framework in Frameworks */,
			);
			runOnlyForDeploymentPostprocessing = 0;
		};
/* End PBXFrameworksBuildPhase section */

/* Begin PBXGroup section */
		46C350F62EA4737C004FEAD9 = {
			isa = PBXGroup;
			children = (
				46C351012EA4737C004FEAD9 /* DiagnosticsTool */,
				46C3511A2EA4737F004FEAD9 /* DiagnosticsToolTests */,
				46C351242EA4737F004FEAD9 /* DiagnosticsToolUITests */,
				46C351002EA4737C004FEAD9 /* Products */,
				46C3514F2EA53693004FEAD9 /* Frameworks */,
				D8B0DD9CD185462C42EFB346 /* Pods */,
			);
			sourceTree = "<group>";
		};
		46C351002EA4737C004FEAD9 /* Products */ = {
			isa = PBXGroup;
			children = (
				46C350FF2EA4737C004FEAD9 /* DiagnosticsTool.app */,
				46C351172EA4737F004FEAD9 /* DiagnosticsToolTests.xctest */,
				46C351212EA4737F004FEAD9 /* DiagnosticsToolUITests.xctest */,
			);
			name = Products;
			sourceTree = "<group>";
		};
		46C351012EA4737C004FEAD9 /* DiagnosticsTool */ = {
			isa = PBXGroup;
			children = (
				46C351362EA5334F004FEAD9 /* UI */,
				46C351352EA47560004FEAD9 /* Features */,
				46C351342EA4755A004FEAD9 /* Core */,
				46C351022EA4737C004FEAD9 /* AppDelegate.h */,
				46C351032EA4737C004FEAD9 /* AppDelegate.m */,
				46C351052EA4737C004FEAD9 /* ViewController.h */,
				46C351062EA4737C004FEAD9 /* ViewController.m */,
				46C3510B2EA4737F004FEAD9 /* Assets.xcassets */,
				46C3510D2EA4737F004FEAD9 /* Main.storyboard */,
				46C351102EA4737F004FEAD9 /* main.m */,
				46C351122EA4737F004FEAD9 /* DiagnosticsTool.entitlements */,
				46C351082EA4737C004FEAD9 /* DiagnosticsTool.xcdatamodeld */,
			);
			path = DiagnosticsTool;
			sourceTree = "<group>";
		};
		46C3511A2EA4737F004FEAD9 /* DiagnosticsToolTests */ = {
			isa = PBXGroup;
			children = (
				46C3511B2EA4737F004FEAD9 /* DiagnosticsToolTests.m */,
			);
			path = DiagnosticsToolTests;
			sourceTree = "<group>";
		};
		46C351242EA4737F004FEAD9 /* DiagnosticsToolUITests */ = {
			isa = PBXGroup;
			children = (
				46C351252EA4737F004FEAD9 /* DiagnosticsToolUITests.m */,
				46C351272EA4737F004FEAD9 /* DiagnosticsToolUITestsLaunchTests.m */,
			);
			path = DiagnosticsToolUITests;
			sourceTree = "<group>";
		};
		46C351342EA4755A004FEAD9 /* Core */ = {
			isa = PBXGroup;
			children = (
				46C351462EA53560004FEAD9 /* CrashReporterAdapter.h */,
				46C351472EA53560004FEAD9 /* CrashReporterAdapter.m */,
				774D61F1329345F2841B /* LogCollector.h */,
				7049D6C568164D7CB9D8 /* LogCollector.m */,
				46C351432EA53560004FEAD9 /* DiagnosticBundleBuilder.h */,
				46C351482EA53560004FEAD9 /* DiagnosticBundleBuilder.m */,
				46C351442EA53560004FEAD9 /* MetricsListener.h */,
				46C351452EA53560004FEAD9 /* MetricsListener.m */,
				46C3514A2EA53560004FEAD9 /* Redactor.h */,
				46C351492EA53560004FEAD9 /* Redactor.m */,
			);
			path = Core;
			sourceTree = "<group>";
		};
		46C351352EA47560004FEAD9 /* Features */ = {
			isa = PBXGroup;
			children = (
			);
			path = Features;
			sourceTree = "<group>";
		};
		46C351362EA5334F004FEAD9 /* UI */ = {
			isa = PBXGroup;
			children = (
				46C351372EA5351E004FEAD9 /* AppCoordinator.h */,
				46C3513A2EA5351E004FEAD9 /* AppCoordinator.m */,
				46C351382EA5351E004FEAD9 /* CrashViewController.h */,
				46C3513E2EA5351F004FEAD9 /* CrashViewController.m */,
				46C351392EA5351E004FEAD9 /* DiagnosticsViewController.h */,
				46C3513C2EA5351F004FEAD9 /* DiagnosticsViewController.m */,
				46C3513B2EA5351E004FEAD9 /* LogsViewController.h */,
				46C3513D2EA5351F004FEAD9 /* LogsViewController.m */,
			);
			path = UI;
			sourceTree = "<group>";
		};
		46C3514F2EA53693004FEAD9 /* Frameworks */ = {
			isa = PBXGroup;
			children = (
				46C351542EA536AB004FEAD9 /* OSLog.framework */,
				46C351522EA5369F004FEAD9 /* Network.framework */,
				46C351502EA53693004FEAD9 /* MetricKit.framework */,
				B4EBF4599B05C3B3E3BFE5EE /* Pods_DiagnosticsTool.framework */,
				8538C336C595230DF3C69031 /* Pods_DiagnosticsTool_DiagnosticsToolUITests.framework */,
				7C6CB6BFF2938DE1B563131B /* Pods_DiagnosticsToolTests.framework */,
			);
			name = Frameworks;
			sourceTree = "<group>";
		};
		D8B0DD9CD185462C42EFB346 /* Pods */ = {
			isa = PBXGroup;
			children = (
				205C80CA8F5829B59EDE1E60 /* Pods-DiagnosticsTool.debug.xcconfig */,
				C4BD0796CB00CE1E3144D0C8 /* Pods-DiagnosticsTool.release.xcconfig */,
				1767ED783A5BE6359BC82CA3 /* Pods-DiagnosticsTool-DiagnosticsToolUITests.debug.xcconfig */,
				777D824C6AE0DDBA54BDC946 /* Pods-DiagnosticsTool-DiagnosticsToolUITests.release.xcconfig */,
				C7374B5022BE29B06025073B /* Pods-DiagnosticsToolTests.debug.xcconfig */,
				FB6FD19B593968F0CEA9EDE1 /* Pods-DiagnosticsToolTests.release.xcconfig */,
			);
			path = Pods;
			sourceTree = "<group>";
		};
/* End PBXGroup section */

/* Begin PBXNativeTarget section */
		46C350FE2EA4737C004FEAD9 /* DiagnosticsTool */ = {
			isa = PBXNativeTarget;
			buildConfigurationList = 46C3512B2EA4737F004FEAD9 /* Build configuration list for PBXNativeTarget "DiagnosticsTool" */;
			buildPhases = (
				297C6EFA1855D57AE335E6A9 /* [CP] Check Pods Manifest.lock */,
				46C350FB2EA4737C004FEAD9 /* Sources */,
				46C350FC2EA4737C004FEAD9 /* Frameworks */,
				46C350FD2EA4737C004FEAD9 /* Resources */,
				406BD95CC0D8630102608F4E /* [CP] Embed Pods Frameworks */,
				46C351582EA7BC6E004FEAD9 /* ShellScript */,
			);
			buildRules = (
			);
			dependencies = (
			);
			name = DiagnosticsTool;
			productName = DiagnosticsTool;
			productReference = 46C350FF2EA4737C004FEAD9 /* DiagnosticsTool.app */;
			productType = "com.apple.product-type.application";
		};
		46C351162EA4737F004FEAD9 /* DiagnosticsToolTests */ = {
			isa = PBXNativeTarget;
			buildConfigurationList = 46C3512E2EA4737F004FEAD9 /* Build configuration list for PBXNativeTarget "DiagnosticsToolTests" */;
			buildPhases = (
				8FBE2B80C115F27B45D0B6A8 /* [CP] Check Pods Manifest.lock */,
				46C351132EA4737F004FEAD9 /* Sources */,
				46C351142EA4737F004FEAD9 /* Frameworks */,
				46C351152EA4737F004FEAD9 /* Resources */,
			);
			buildRules = (
			);
			dependencies = (
				46C351192EA4737F004FEAD9 /* PBXTargetDependency */,
			);
			name = DiagnosticsToolTests;
			productName = DiagnosticsToolTests;
			productReference = 46C351172EA4737F004FEAD9 /* DiagnosticsToolTests.xctest */;
			productType = "com.apple.product-type.bundle.unit-test";
		};
		46C351202EA4737F004FEAD9 /* DiagnosticsToolUITests */ = {
			isa = PBXNativeTarget;
			buildConfigurationList = 46C351312EA4737F004FEAD9 /* Build configuration list for PBXNativeTarget "DiagnosticsToolUITests" */;
			buildPhases = (
				0AC85B81495C59B5932A3413 /* [CP] Check Pods Manifest.lock */,
				46C3511D2EA4737F004FEAD9 /* Sources */,
				46C3511E2EA4737F004FEAD9 /* Frameworks */,
				46C3511F2EA4737F004FEAD9 /* Resources */,
				328E4C56BD056F11D83E0DCE /* [CP] Embed Pods Frameworks */,
			);
			buildRules = (
			);
			dependencies = (
				46C351232EA4737F004FEAD9 /* PBXTargetDependency */,
			);
			name = DiagnosticsToolUITests;
			productName = DiagnosticsToolUITests;
			productReference = 46C351212EA4737F004FEAD9 /* DiagnosticsToolUITests.xctest */;
			productType = "com.apple.product-type.bundle.ui-testing";
		};
/* End PBXNativeTarget section */

/* Begin PBXProject section */
		46C350F72EA4737C004FEAD9 /* Project object */ = {
			isa = PBXProject;
			attributes = {
				BuildIndependentTargetsInParallel = 1;
				LastUpgradeCheck = 1540;
				TargetAttributes = {
					46C350FE2EA4737C004FEAD9 = {
						CreatedOnToolsVersion = 15.4;
					};
					46C351162EA4737F004FEAD9 = {
						CreatedOnToolsVersion = 15.4;
						TestTargetID = 46C350FE2EA4737C004FEAD9;
					};
					46C351202EA4737F004FEAD9 = {
						CreatedOnToolsVersion = 15.4;
						TestTargetID = 46C350FE2EA4737C004FEAD9;
					};
				};
			};
			buildConfigurationList = 46C350FA2EA4737C004FEAD9 /* Build configuration list for PBXProject "DiagnosticsTool" */;
			compatibilityVersion = "Xcode 14.0";
			developmentRegion = en;
			hasScannedForEncodings = 0;
			knownRegions = (
				en,
				Base,
			);
			mainGroup = 46C350F62EA4737C004FEAD9;
			productRefGroup = 46C351002EA4737C004FEAD9 /* Products */;
			projectDirPath = "";
			projectRoot = "";
			targets = (
				46C350FE2EA4737C004FEAD9 /* DiagnosticsTool */,
				46C351162EA4737F004FEAD9 /* DiagnosticsToolTests */,
				46C351202EA4737F004FEAD9 /* DiagnosticsToolUITests */,
			);
		};
/* End PBXProject section */

/* Begin PBXResourcesBuildPhase section */
		46C350FD2EA4737C004FEAD9 /* Resources */ = {
			isa = PBXResourcesBuildPhase;
			buildActionMask = 2147483647;
			files = (
				46C3510C2EA4737F004FEAD9 /* Assets.xcassets in Resources */,
				46C3510F2EA4737F004FEAD9 /* Base in Resources */,
			);
			runOnlyForDeploymentPostprocessing = 0;
		};
		46C351152EA4737F004FEAD9 /* Resources */ = {
			isa = PBXResourcesBuildPhase;
			buildActionMask = 2147483647;
			files = (
			);
			runOnlyForDeploymentPostprocessing = 0;
		};
		46C3511F2EA4737F004FEAD9 /* Resources */ = {
			isa = PBXResourcesBuildPhase;
			buildActionMask = 2147483647;
			files = (
			);
			runOnlyForDeploymentPostprocessing = 0;
		};
/* End PBXResourcesBuildPhase section */

/* Begin PBXShellScriptBuildPhase section */
		0AC85B81495C59B5932A3413 /* [CP] Check Pods Manifest.lock */ = {
			isa = PBXShellScriptBuildPhase;
			buildActionMask = 2147483647;
			files = (
			);
			inputFileListPaths = (
			);
			inputPaths = (
				"${PODS_PODFILE_DIR_PATH}/Podfile.lock",
				"${PODS_ROOT}/Manifest.lock",
			);
			name = "[CP] Check Pods Manifest.lock";
			outputFileListPaths = (
			);
			outputPaths = (
				"$(DERIVED_FILE_DIR)/Pods-DiagnosticsTool-DiagnosticsToolUITests-checkManifestLockResult.txt",
			);
			runOnlyForDeploymentPostprocessing = 0;
			shellPath = /bin/sh;
			shellScript = "diff \"${PODS_PODFILE_DIR_PATH}/Podfile.lock\" \"${PODS_ROOT}/Manifest.lock\" > /dev/null\nif [ $? != 0 ] ; then\n    # print error to STDERR\n    echo \"error: The sandbox is not in sync with the Podfile.lock. Run 'pod install' or update your CocoaPods installation.\" >&2\n    exit 1\nfi\n# This output is used by Xcode 'outputs' to avoid re-running this script phase.\necho \"SUCCESS\" > \"${SCRIPT_OUTPUT_FILE_0}\"\n";
			showEnvVarsInLog = 0;
		};
		297C6EFA1855D57AE335E6A9 /* [CP] Check Pods Manifest.lock */ = {
			isa = PBXShellScriptBuildPhase;
			buildActionMask = 2147483647;
			files = (
			);
			inputFileListPaths = (
			);
			inputPaths = (
				"${PODS_PODFILE_DIR_PATH}/Podfile.lock",
				"${PODS_ROOT}/Manifest.lock",
			);
			name = "[CP] Check Pods Manifest.lock";
			outputFileListPaths = (
			);
			outputPaths = (
				"$(DERIVED_FILE_DIR)/Pods-DiagnosticsTool-checkManifestLockResult.txt",
			);
			runOnlyForDeploymentPostprocessing = 0;
			shellPath = /bin/sh;
			shellScript = "diff \"${PODS_PODFILE_DIR_PATH}/Podfile.lock\" \"${PODS_ROOT}/Manifest.lock\" > /dev/null\nif [ $? != 0 ] ; then\n    # print error to STDERR\n    echo \"error: The sandbox is not in sync with the Podfile.lock. Run 'pod install' or update your CocoaPods installation.\" >&2\n    exit 1\nfi\n# This output is used by Xcode 'outputs' to avoid re-running this script phase.\necho \"SUCCESS\" > \"${SCRIPT_OUTPUT_FILE_0}\"\n";
			showEnvVarsInLog = 0;
		};
		328E4C56BD056F11D83E0DCE /* [CP] Embed Pods Frameworks */ = {
			isa = PBXShellScriptBuildPhase;
			buildActionMask = 2147483647;
			files = (
			);
			inputFileListPaths = (
				"${PODS_ROOT}/Target Support Files/Pods-DiagnosticsTool-DiagnosticsToolUITests/Pods-DiagnosticsTool-DiagnosticsToolUITests-frameworks-${CONFIGURATION}-input-files.xcfilelist",
			);
			name = "[CP] Embed Pods Frameworks";
			outputFileListPaths = (
				"${PODS_ROOT}/Target Support Files/Pods-DiagnosticsTool-DiagnosticsToolUITests/Pods-DiagnosticsTool-DiagnosticsToolUITests-frameworks-${CONFIGURATION}-output-files.xcfilelist",
			);
			runOnlyForDeploymentPostprocessing = 0;
			shellPath = /bin/sh;
			shellScript = "\"${PODS_ROOT}/Target Support Files/Pods-DiagnosticsTool-DiagnosticsToolUITests/Pods-DiagnosticsTool-DiagnosticsToolUITests-frameworks.sh\"\n";
			showEnvVarsInLog = 0;
		};
		406BD95CC0D8630102608F4E /* [CP] Embed Pods Frameworks */ = {
			isa = PBXShellScriptBuildPhase;
			buildActionMask = 2147483647;
			files = (
			);
			inputFileListPaths = (
				"${PODS_ROOT}/Target Support Files/Pods-DiagnosticsTool/Pods-DiagnosticsTool-frameworks-${CONFIGURATION}-input-files.xcfilelist",
			);
			name = "[CP] Embed Pods Frameworks";
			outputFileListPaths = (
				"${PODS_ROOT}/Target Support Files/Pods-DiagnosticsTool/Pods-DiagnosticsTool-frameworks-${CONFIGURATION}-output-files.xcfilelist",
			);
			runOnlyForDeploymentPostprocessing = 0;
			shellPath = /bin/sh;
			shellScript = "\"${PODS_ROOT}/Target Support Files/Pods-DiagnosticsTool/Pods-DiagnosticsTool-frameworks.sh\"\n";
			showEnvVarsInLog = 0;
		};
		46C351582EA7BC6E004FEAD9 /* ShellScript */ = {
			isa = PBXShellScriptBuildPhase;
			buildActionMask = 8;
			files = (
			);
			inputFileListPaths = (
			);
			inputPaths = (
			);
			outputFileListPaths = (
			);
			outputPaths = (
			);
			runOnlyForDeploymentPostprocessing = 1;
			shellPath = /bin/sh;
			shellScript = "#!/bin/bash\n\n################################################################################\n# Sentry dSYM Upload Script\n#\n# Add this as a Build Phase in Xcode:\n# 1. Target Settings → Build Phases → + → New Run Script Phase\n# 2. Move it AFTER \"Embed Pods Frameworks\"\n# 3. Add script: bash \"${PROJECT_DIR}/scripts/upload-dsyms.sh\"\n# 4. Configure variables below\n################################################################################\n\n# ============================================================================\n# CONFIGURATION - Update these values\n# ============================================================================\n\n# Get these from your Sentry project URL:\n# https://sentry.io/organizations/{ORG_SLUG}/projects/{PROJECT_SLUG}/\nSENTRY_ORG_SLUG=\"individual-f56\"\nSENTRY_PROJECT_SLUG=\"diagnosticstool\"\n\n# Create auth token at: https://sentry.io/settings/account/api/auth-tokens/\n# Needs scope: project:releases, project:write\nSENTRY_AUTH_TOKEN=\"${SENTRY_AUTH_TOKEN:-}\"  # Set via environment variable or below\nSENTRY_AUTH_TOKEN=\"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\"  # Uncomment and add token (NOT recommended - use env var)\n\n# Optional: Skip upload in Debug builds (upload only for Release)\nUPLOAD_DEBUG_BUILDS=true  # Set to false to skip Debug builds\n\n# ============================================================================\n# Script - No need to modify below this line\n# ============================================================================\n\n# Disable exit on error temporarily to show better error messages\nset +e\n\necho \"🔍 Sentry dSYM Upload - Diagnostic Info:\"\necho \"   ACTION: ${ACTION:-not set}\"\necho \"   CONFIGURATION: ${CONFIGURATION:-not set}\"\necho \"   DWARF_DSYM_FOLDER_PATH: ${DWARF_DSYM_FOLDER_PATH:-not set}\"\necho \"   PRODUCT_NAME: ${PRODUCT_NAME:-not set}\"\n\n# Skip if not building\nif [ \"${ACTION:-}\" != \"build\" ] && [ \"${ACTION:-}\" != \"archive\" ]; then\n    echo \"ℹ️  Skipping dSYM upload (ACTION='${ACTION:-not set}', not a build/archive)\"\n    exit 0\nfi\n\n# Skip Debug builds if configured\nif [ \"${UPLOAD_DEBUG_BUILDS}\" = \"false\" ] && [ \"${CONFIGURATION:-}\" = \"Debug\" ]; then\n    echo \"ℹ️  Skipping dSYM upload for Debug build\"\n    exit 0\nfi\n\n# Check if sentry-cli is installed\nif ! command -v sentry-cli &> /dev/null; then\n    echo \"❌ ERROR: sentry-cli not found\"\n    echo \"   Install it: brew install getsentry/tools/sentry-cli\"\n    echo \"   Or add to PATH: export PATH=\\\"/opt/homebrew/bin:\\$PATH\\\"\"\n    exit 1\nfi\n\necho \"✅ Found sentry-cli: $(which sentry-cli)\"\n\n# Check for auth token\nif [ -z \"$SENTRY_AUTH_TOKEN\" ]; then\n    echo \"❌ ERROR: SENTRY_AUTH_TOKEN not set\"\n    echo \"\"\n    echo \"   To fix this:\"\n    echo \"   1. Create token: https://sentry.io/settings/account/api/auth-tokens/\"\n    echo \"   2. Add to Xcode build phase environment:\"\n    echo \"      - Target → Build Phases → Upload dSYMs → Environment Variables\"\n    echo \"      - Add: SENTRY_AUTH_TOKEN = your-token\"\n    echo \"   3. OR add to ~/.zshrc:\"\n    echo \"      export SENTRY_AUTH_TOKEN=\\\"your-token\\\"\"\n    echo \"   4. OR uncomment line 24 in this script (NOT recommended for security)\"\n    exit 1\nfi\n\necho \"✅ SENTRY_AUTH_TOKEN is set\"\n\n# Check for dSYM folder\nif [ -z \"${DWARF_DSYM_FOLDER_PATH:-}\" ]; then\n    echo \"❌ ERROR: DWARF_DSYM_FOLDER_PATH not set\"\n    echo \"   Make sure Debug Information Format is set to 'DWARF with dSYM File'\"\n    exit 1\nfi\n\nif [ ! -d \"${DWARF_DSYM_FOLDER_PATH}\" ]; then\n    echo \"❌ ERROR: dSYM folder does not exist: ${DWARF_DSYM_FOLDER_PATH}\"\n    exit 1\nfi\n\n# Count dSYM files\nDSYM_COUNT=$(find \"${DWARF_DSYM_FOLDER_PATH}\" -name \"*.dSYM\" -type d 2>/dev/null | wc -l | tr -d ' ')\necho \"📂 Found ${DSYM_COUNT} dSYM file(s) in ${DWARF_DSYM_FOLDER_PATH}\"\n\nif [ \"$DSYM_COUNT\" -eq 0 ]; then\n    echo \"⚠️  WARNING: No dSYM files found to upload\"\n    echo \"   Check Build Settings → Debug Information Format = 'DWARF with dSYM File'\"\n    exit 0\nfi\n\n# Get version info from Info.plist\nif [ -n \"${INFOPLIST_FILE:-}\" ] && [ -f \"${INFOPLIST_FILE}\" ]; then\n    VERSION=$(/usr/libexec/PlistBuddy -c \"Print :CFBundleShortVersionString\" \"${INFOPLIST_FILE}\" 2>/dev/null || echo \"1.0\")\n    BUILD=$(/usr/libexec/PlistBuddy -c \"Print :CFBundleVersion\" \"${INFOPLIST_FILE}\" 2>/dev/null || echo \"1\")\nelse\n    VERSION=\"1.0\"\n    BUILD=\"1\"\nfi\n\nRELEASE_VERSION=\"${VERSION}-${BUILD}\"\n\necho \"📱 Uploading dSYMs for ${PRODUCT_NAME:-DiagnosticsTool} ${RELEASE_VERSION}\"\n\n# Upload dSYMs\nexport SENTRY_ORG=\"${SENTRY_ORG_SLUG}\"\nexport SENTRY_PROJECT=\"${SENTRY_PROJECT_SLUG}\"\n\necho \"🚀 Running: sentry-cli upload-dif...\"\n\nsentry-cli upload-dif \\\n    --auth-token \"${SENTRY_AUTH_TOKEN}\" \\\n    --org \"${SENTRY_ORG}\" \\\n    --project \"${SENTRY_PROJECT}\" \\\n    \"${DWARF_DSYM_FOLDER_PATH}\"\n\nUPLOAD_RESULT=$?\n\nif [ $UPLOAD_RESULT -eq 0 ]; then\n    echo \"✅ dSYM upload complete for release ${RELEASE_VERSION}\"\n    exit 0\nelse\n    echo \"❌ ERROR: dSYM upload failed with code ${UPLOAD_RESULT}\"\n    echo \"   Check the error message above for details\"\n    exit 1\nfi\n";
		};
		8FBE2B80C115F27B45D0B6A8 /* [CP] Check Pods Manifest.lock */ = {
			isa = PBXShellScriptBuildPhase;
			buildActionMask = 2147483647;
			files = (
			);
			inputFileListPaths = (
			);
			inputPaths = (
				"${PODS_PODFILE_DIR_PATH}/Podfile.lock",
				"${PODS_ROOT}/Manifest.lock",
			);
			name = "[CP] Check Pods Manifest.lock";
			outputFileListPaths = (
			);
			outputPaths = (
				"$(DERIVED_FILE_DIR)/Pods-DiagnosticsToolTests-checkManifestLockResult.txt",
			);
			runOnlyForDeploymentPostprocessing = 0;
			shellPath = /bin/sh;
			shellScript = "diff \"${PODS_PODFILE_DIR_PATH}/Podfile.lock\" \"${PODS_ROOT}/Manifest.lock\" > /dev/null\nif [ $? != 0 ] ; then\n    # print error to STDERR\n    echo \"error: The sandbox is not in sync with the Podfile.lock. Run 'pod install' or update your CocoaPods installation.\" >&2\n    exit 1\nfi\n# This output is used by Xcode 'outputs' to avoid re-running this script phase.\necho \"SUCCESS\" > \"${SCRIPT_OUTPUT_FILE_0}\"\n";
			showEnvVarsInLog = 0;
		};
/* End PBXShellScriptBuildPhase section */

/* Begin PBXSourcesBuildPhase section */
		46C350FB2EA4737C004FEAD9 /* Sources */ = {
			isa = PBXSourcesBuildPhase;
			buildActionMask = 2147483647;
			files = (
				46C3514B2EA53560004FEAD9 /* MetricsListener.m in Sources */,
				46C351422EA5351F004FEAD9 /* CrashViewController.m in Sources */,
				46C3514C2EA53560004FEAD9 /* CrashReporterAdapter.m in Sources */,
				DD3935D4AE5F46A6A6E1 /* LogCollector.m in Sources */,
				46C351072EA4737C004FEAD9 /* ViewController.m in Sources */,
				46C351412EA5351F004FEAD9 /* LogsViewController.m in Sources */,
				46C3514E2EA53560004FEAD9 /* Redactor.m in Sources */,
				46C3514D2EA53560004FEAD9 /* DiagnosticBundleBuilder.m in Sources */,
				46C3510A2EA4737C004FEAD9 /* DiagnosticsTool.xcdatamodeld in Sources */,
				46C3513F2EA5351F004FEAD9 /* AppCoordinator.m in Sources */,
				46C351112EA4737F004FEAD9 /* main.m in Sources */,
				46C351042EA4737C004FEAD9 /* AppDelegate.m in Sources */,
				46C351402EA5351F004FEAD9 /* DiagnosticsViewController.m in Sources */,
			);
			runOnlyForDeploymentPostprocessing = 0;
		};
		46C351132EA4737F004FEAD9 /* Sources */ = {
			isa = PBXSourcesBuildPhase;
			buildActionMask = 2147483647;
			files = (
				46C3511C2EA4737F004FEAD9 /* DiagnosticsToolTests.m in Sources */,
			);
			runOnlyForDeploymentPostprocessing = 0;
		};
		46C3511D2EA4737F004FEAD9 /* Sources */ = {
			isa = PBXSourcesBuildPhase;
			buildActionMask = 2147483647;
			files = (
				46C351262EA4737F004FEAD9 /* DiagnosticsToolUITests.m in Sources */,
				46C351282EA4737F004FEAD9 /* DiagnosticsToolUITestsLaunchTests.m in Sources */,
			);
			runOnlyForDeploymentPostprocessing = 0;
		};
/* End PBXSourcesBuildPhase section */

/* Begin PBXTargetDependency section */
		46C351192EA4737F004FEAD9 /* PBXTargetDependency */ = {
			isa = PBXTargetDependency;
			target = 46C350FE2EA4737C004FEAD9 /* DiagnosticsTool */;
			targetProxy = 46C351182EA4737F004FEAD9 /* PBXContainerItemProxy */;
		};
		46C351232EA4737F004FEAD9 /* PBXTargetDependency */ = {
			isa = PBXTargetDependency;
			target = 46C350FE2EA4737C004FEAD9 /* DiagnosticsTool */;
			targetProxy = 46C351222EA4737F004FEAD9 /* PBXContainerItemProxy */;
		};
/* End PBXTargetDependency section */

/* Begin PBXVariantGroup section */
		46C3510D2EA4737F004FEAD9 /* Main.storyboard */ = {
			isa = PBXVariantGroup;
			children = (
				46C3510E2EA4737F004FEAD9 /* Base */,
			);
			name = Main.storyboard;
			sourceTree = "<group>";
		};
/* End PBXVariantGroup section */

/* Begin XCBuildConfiguration section */
		46C351292EA4737F004FEAD9 /* Debug */ = {
			isa = XCBuildConfiguration;
			buildSettings = {
				ALWAYS_SEARCH_USER_PATHS = NO;
				ASSETCATALOG_COMPILER_GENERATE_SWIFT_ASSET_SYMBOL_EXTENSIONS = YES;
				CLANG_ANALYZER_NONNULL = YES;
				CLANG_ANALYZER_NUMBER_OBJECT_CONVERSION = YES_AGGRESSIVE;
				CLANG_CXX_LANGUAGE_STANDARD = "gnu++20";
				CLANG_ENABLE_MODULES = YES;
				CLANG_ENABLE_OBJC_ARC = YES;
				CLANG_ENABLE_OBJC_WEAK = YES;
				CLANG_WARN_BLOCK_CAPTURE_AUTORELEASING = YES;
				CLANG_WARN_BOOL_CONVERSION = YES;
				CLANG_WARN_COMMA = YES;
				CLANG_WARN_CONSTANT_CONVERSION = YES;
				CLANG_WARN_DEPRECATED_OBJC_IMPLEMENTATIONS = YES;
				CLANG_WARN_DIRECT_OBJC_ISA_USAGE = YES_ERROR;
				CLANG_WARN_DOCUMENTATION_COMMENTS = YES;
				CLANG_WARN_EMPTY_BODY = YES;
				CLANG_WARN_ENUM_CONVERSION = YES;
				CLANG_WARN_INFINITE_RECURSION = YES;
				CLANG_WARN_INT_CONVERSION = YES;
				CLANG_WARN_NON_LITERAL_NULL_CONVERSION = YES;
				CLANG_WARN_OBJC_IMPLICIT_RETAIN_SELF = YES;
				CLANG_WARN_OBJC_LITERAL_CONVERSION = YES;
				CLANG_WARN_OBJC_ROOT_CLASS = YES_ERROR;
				CLANG_WARN_QUOTED_INCLUDE_IN_FRAMEWORK_HEADER = YES;
				CLANG_WARN_RANGE_LOOP_ANALYSIS = YES;
				CLANG_WARN_STRICT_PROTOTYPES = YES;
				CLANG_WARN_SUSPICIOUS_MOVE = YES;
				CLANG_WARN_UNGUARDED_AVAILABILITY = YES_AGGRESSIVE;
				CLANG_WARN_UNREACHABLE_CODE = YES;
				CLANG_WARN__DUPLICATE_METHOD_MATCH = YES;
				COPY_PHASE_STRIP = NO;
				DEBUG_INFORMATION_FORMAT = "dwarf-with-dsym";
				ENABLE_STRICT_OBJC_MSGSEND = YES;
				ENABLE_TESTABILITY = YES;
				ENABLE_USER_SCRIPT_SANDBOXING = NO;
				GCC_C_LANGUAGE_STANDARD = gnu17;
				GCC_DYNAMIC_NO_PIC = NO;
				GCC_NO_COMMON_BLOCKS = YES;
				GCC_OPTIMIZATION_LEVEL = 0;
				GCC_PREPROCESSOR_DEFINITIONS = (
					"DEBUG=1",
					"$(inherited)",
				);
				GCC_WARN_64_TO_32_BIT_CONVERSION = YES;
				GCC_WARN_ABOUT_RETURN_TYPE = YES_ERROR;
				GCC_WARN_UNDECLARED_SELECTOR = YES;
				GCC_WARN_UNINITIALIZED_AUTOS = YES_AGGRESSIVE;
				GCC_WARN_UNUSED_FUNCTION = YES;
				GCC_WARN_UNUSED_VARIABLE = YES;
				LOCALIZATION_PREFERS_STRING_CATALOGS = YES;
				MACOSX_DEPLOYMENT_TARGET = 14.5;
				MTL_ENABLE_DEBUG_INFO = INCLUDE_SOURCE;
				MTL_FAST_MATH = YES;
				ONLY_ACTIVE_ARCH = YES;
				SDKROOT = macosx;
			};
			name = Debug;
		};
		46C3512A2EA4737F004FEAD9 /* Release */ = {
			isa = XCBuildConfiguration;
			buildSettings = {
				ALWAYS_SEARCH_USER_PATHS = NO;
				ASSETCATALOG_COMPILER_GENERATE_SWIFT_ASSET_SYMBOL_EXTENSIONS = YES;
				CLANG_ANALYZER_NONNULL = YES;
				CLANG_ANALYZER_NUMBER_OBJECT_CONVERSION = YES_AGGRESSIVE;
				CLANG_CXX_LANGUAGE_STANDARD = "gnu++20";
				CLANG_ENABLE_MODULES = YES;
				CLANG_ENABLE_OBJC_ARC = YES;
				CLANG_ENABLE_OBJC_WEAK = YES;
				CLANG_WARN_BLOCK_CAPTURE_AUTORELEASING = YES;
				CLANG_WARN_BOOL_CONVERSION = YES;
				CLANG_WARN_COMMA = YES;
				CLANG_WARN_CONSTANT_CONVERSION = YES;
				CLANG_WARN_DEPRECATED_OBJC_IMPLEMENTATIONS = YES;
				CLANG_WARN_DIRECT_OBJC_ISA_USAGE = YES_ERROR;
				CLANG_WARN_DOCUMENTATION_COMMENTS = YES;
				CLANG_WARN_EMPTY_BODY = YES;
				CLANG_WARN_ENUM_CONVERSION = YES;
				CLANG_WARN_INFINITE_RECURSION = YES;
				CLANG_WARN_INT_CONVERSION = YES;
				CLANG_WARN_NON_LITERAL_NULL_CONVERSION = YES;
				CLANG_WARN_OBJC_IMPLICIT_RETAIN_SELF = YES;
				CLANG_WARN_OBJC_LITERAL_CONVERSION = YES;
				CLANG_WARN_OBJC_ROOT_CLASS = YES_ERROR;
				CLANG_WARN_QUOTED_INCLUDE_IN_FRAMEWORK_HEADER = YES;
				CLANG_WARN_RANGE_LOOP_ANALYSIS = YES;
				CLANG_WARN_STRICT_PROTOTYPES = YES;
				CLANG_WARN_SUSPICIOUS_MOVE = YES;
				CLANG_WARN_UNGUARDED_AVAILABILITY = YES_AGGRESSIVE;
				CLANG_WARN_UNREACHABLE_CODE = YES;
				CLANG_WARN__DUPLICATE_METHOD_MATCH = YES;
				COPY_PHASE_STRIP = NO;
				DEBUG_INFORMATION_FORMAT = "dwarf-with-dsym";
				ENABLE_NS_ASSERTIONS = NO;
				ENABLE_STRICT_OBJC_MSGSEND = YES;
				ENABLE_USER_SCRIPT_SANDBOXING = NO;
				GCC_C_LANGUAGE_STANDARD = gnu17;
				GCC_NO_COMMON_BLOCKS = YES;
				GCC_WARN_64_TO_32_BIT_CONVERSION = YES;
				GCC_WARN_ABOUT_RETURN_TYPE = YES_ERROR;
				GCC_WARN_UNDECLARED_SELECTOR = YES;
				GCC_WARN_UNINITIALIZED_AUTOS = YES_AGGRESSIVE;
				GCC_WARN_UNUSED_FUNCTION = YES;
				GCC_WARN_UNUSED_VARIABLE = YES;
				LOCALIZATION_PREFERS_STRING_CATALOGS = YES;
				MACOSX_DEPLOYMENT_TARGET = 14.5;
				MTL_ENABLE_DEBUG_INFO = NO;
				MTL_FAST_MATH = YES;
				SDKROOT = macosx;
			};
			name = Release;
		};
		46C3512C2EA4737F004FEAD9 /* Debug */ = {
			isa = XCBuildConfiguration;
			baseConfigurationReference = 205C80CA8F5829B59EDE1E60 /* Pods-DiagnosticsTool.debug.xcconfig */;
			buildSettings = {
				ASSETCATALOG_COMPILER_APPICON_NAME = AppIcon;
				ASSETCATALOG_COMPILER_GLOBAL_ACCENT_COLOR_NAME = AccentColor;
				CODE_SIGN_ENTITLEMENTS = DiagnosticsTool/DiagnosticsTool.entitlements;
				CODE_SIGN_STYLE = Automatic;
				COMBINE_HIDPI_IMAGES = YES;
				CURRENT_PROJECT_VERSION = 1;
				DEVELOPMENT_TEAM = K83BJVFJBQ;
				ENABLE_HARDENED_RUNTIME = YES;
				GENERATE_INFOPLIST_FILE = YES;
				INFOPLIST_KEY_NSHumanReadableCopyright = "";
				INFOPLIST_KEY_NSMainStoryboardFile = Main;
				INFOPLIST_KEY_NSPrincipalClass = NSApplication;
				LD_RUNPATH_SEARCH_PATHS = (
					"$(inherited)",
					"@executable_path/../Frameworks",
				);
				MACOSX_DEPLOYMENT_TARGET = 14.5;
				MARKETING_VERSION = 1.0;
				OTHER_LDFLAGS = (
					"$(inherited)",
					"-framework",
					"\"Foundation\"",
					"-framework",
					"\"Sentry\"",
				);
				PRODUCT_BUNDLE_IDENTIFIER = com.DiagnosticsTool;
				PRODUCT_NAME = "$(TARGET_NAME)";
				SWIFT_EMIT_LOC_STRINGS = YES;
			};
			name = Debug;
		};
		46C3512D2EA4737F004FEAD9 /* Release */ = {
			isa = XCBuildConfiguration;
			baseConfigurationReference = C4BD0796CB00CE1E3144D0C8 /* Pods-DiagnosticsTool.release.xcconfig */;
			buildSettings = {
				ASSETCATALOG_COMPILER_APPICON_NAME = AppIcon;
				ASSETCATALOG_COMPILER_GLOBAL_ACCENT_COLOR_NAME = AccentColor;
				CODE_SIGN_ENTITLEMENTS = DiagnosticsTool/DiagnosticsTool.entitlements;
				CODE_SIGN_STYLE = Automatic;
				COMBINE_HIDPI_IMAGES = YES;
				CURRENT_PROJECT_VERSION = 1;
				DEVELOPMENT_TEAM = K83BJVFJBQ;
				ENABLE_HARDENED_RUNTIME = YES;
				GENERATE_INFOPLIST_FILE = YES;
				INFOPLIST_KEY_NSHumanReadableCopyright = "";
				INFOPLIST_KEY_NSMainStoryboardFile = Main;
				INFOPLIST_KEY_NSPrincipalClass = NSApplication;
				LD_RUNPATH_SEARCH_PATHS = (
					"$(inherited)",
					"@executable_path/../Frameworks",
				);
				MACOSX_DEPLOYMENT_TARGET = 14.5;
				MARKETING_VERSION = 1.0;
				OTHER_LDFLAGS = (
					"$(inherited)",
					"-framework",
					"\"Foundation\"",
					"-framework",
					"\"Sentry\"",
				);
				PRODUCT_BUNDLE_IDENTIFIER = com.DiagnosticsTool;
				PRODUCT_NAME = "$(TARGET_NAME)";
				SWIFT_EMIT_LOC_STRINGS = YES;
			};
			name = Release;
		};
		46C3512F2EA4737F004FEAD9 /* Debug */ = {
			isa = XCBuildConfiguration;
			baseConfigurationReference = C7374B5022BE29B06025073B /* Pods-DiagnosticsToolTests.debug.xcconfig */;
			buildSettings = {
				BUNDLE_LOADER = "$(TEST_HOST)";
				CODE_SIGN_STYLE = Automatic;
				CURRENT_PROJECT_VERSION = 1;
				DEVELOPMENT_TEAM = K83BJVFJBQ;
				GENERATE_INFOPLIST_FILE = YES;
				MACOSX_DEPLOYMENT_TARGET = 14.5;
				MARKETING_VERSION = 1.0;
				PRODUCT_BUNDLE_IDENTIFIER = com.DiagnosticsToolTests;
				PRODUCT_NAME = "$(TARGET_NAME)";
				SWIFT_EMIT_LOC_STRINGS = NO;
				TEST_HOST = "$(BUILT_PRODUCTS_DIR)/DiagnosticsTool.app/$(BUNDLE_EXECUTABLE_FOLDER_PATH)/DiagnosticsTool";
			};
			name = Debug;
		};
		46C351302EA4737F004FEAD9 /* Release */ = {
			isa = XCBuildConfiguration;
			baseConfigurationReference = FB6FD19B593968F0CEA9EDE1 /* Pods-DiagnosticsToolTests.release.xcconfig */;
			buildSettings = {
				BUNDLE_LOADER = "$(TEST_HOST)";
				CODE_SIGN_STYLE = Automatic;
				CURRENT_PROJECT_VERSION = 1;
				DEVELOPMENT_TEAM = K83BJVFJBQ;
				GENERATE_INFOPLIST_FILE = YES;
				MACOSX_DEPLOYMENT_TARGET = 14.5;
				MARKETING_VERSION = 1.0;
				PRODUCT_BUNDLE_IDENTIFIER = com.DiagnosticsToolTests;
				PRODUCT_NAME = "$(TARGET_NAME)";
				SWIFT_EMIT_LOC_STRINGS = NO;
				TEST_HOST = "$(BUILT_PRODUCTS_DIR)/DiagnosticsTool.app/$(BUNDLE_EXECUTABLE_FOLDER_PATH)/DiagnosticsTool";
			};
			name = Release;
		};
		46C351322EA4737F004FEAD9 /* Debug */ = {
			isa = XCBuildConfiguration;
			baseConfigurationReference = 1767ED783A5BE6359BC82CA3 /* Pods-DiagnosticsTool-DiagnosticsToolUITests.debug.xcconfig */;
			buildSettings = {
				CODE_SIGN_STYLE = Automatic;
				CURRENT_PROJECT_VERSION = 1;
				DEVELOPMENT_TEAM = K83BJVFJBQ;
				GENERATE_INFOPLIST_FILE = YES;
				MARKETING_VERSION = 1.0;
				PRODUCT_BUNDLE_IDENTIFIER = com.DiagnosticsToolUITests;
				PRODUCT_NAME = "$(TARGET_NAME)";
				SWIFT_EMIT_LOC_STRINGS = NO;
				TEST_TARGET_NAME = DiagnosticsTool;
			};
			name = Debug;
		};
		46C351332EA4737F004FEAD9 /* Release */ = {
			isa = XCBuildConfiguration;
			baseConfigurationReference = 777D824C6AE0DDBA54BDC946 /* Pods-DiagnosticsTool-DiagnosticsToolUITests.release.xcconfig */;
			buildSettings = {
				CODE_SIGN_STYLE = Automatic;
				CURRENT_PROJECT_VERSION = 1;
				DEVELOPMENT_TEAM = K83BJVFJBQ;
				GENERATE_INFOPLIST_FILE = YES;
				MARKETING_VERSION = 1.0;
				PRODUCT_BUNDLE_IDENTIFIER = com.DiagnosticsToolUITests;
				PRODUCT_NAME = "$(TARGET_NAME)";
				SWIFT_EMIT_LOC_STRINGS = NO;
				TEST_TARGET_NAME = DiagnosticsTool;
			};
			name = Release;
		};
/* End XCBuildConfiguration section */

/* Begin XCConfigurationList section */
		46C350FA2EA4737C004FEAD9 /* Build configuration list for PBXProject "DiagnosticsTool" */ = {
			isa = XCConfigurationList;
			buildConfigurations = (
				46C351292EA4737F004FEAD9 /* Debug */,
				46C3512A2EA4737F004FEAD9 /* Release */,
			);
			defaultConfigurationIsVisible = 0;
			defaultConfigurationName = Release;
		};
		46C3512B2EA4737F004FEAD9 /* Build configuration list for PBXNativeTarget "DiagnosticsTool" */ = {
			isa = XCConfigurationList;
			buildConfigurations = (
				46C3512C2EA4737F004FEAD9 /* Debug */,
				46C3512D2EA4737F004FEAD9 /* Release */,
			);
			defaultConfigurationIsVisible = 0;
			defaultConfigurationName = Release;
		};
		46C3512E2EA4737F004FEAD9 /* Build configuration list for PBXNativeTarget "DiagnosticsToolTests" */ = {
			isa = XCConfigurationList;
			buildConfigurations = (
				46C3512F2EA4737F004FEAD9 /* Debug */,
				46C351302EA4737F004FEAD9 /* Release */,
			);
			defaultConfigurationIsVisible = 0;
			defaultConfigurationName = Release;
		};
		46C351312EA4737F004FEAD9 /* Build configuration list for PBXNativeTarget "DiagnosticsToolUITests" */ = {
			isa = XCConfigurationList;
			buildConfigurations = (
				46C351322EA4737F004FEAD9 /* Debug */,
				46C351332EA4737F004FEAD9 /* Release */,
			);
			defaultConfigurationIsVisible = 0;
			defaultConfigurationName = Release;
		};
/* End XCConfigurationList section */

/* Begin XCVersionGroup section */
		46C351082EA4737C004FEAD9 /* DiagnosticsTool.xcdatamodeld */ = {
			isa = XCVersionGroup;
			children = (
				46C351092EA4737C004FEAD9 /* DiagnosticsTool.xcdatamodel */,
			);
			currentVersion = 46C351092EA4737C004FEAD9 /* DiagnosticsTool.xcdatamodel */;
			path = DiagnosticsTool.xcdatamodeld;
			sourceTree = "<group>";
			versionGroupType = wrapper.xcdatamodel;
		};
/* End XCVersionGroup section */
	};
	rootObject = 46C350F72EA4737C004FEAD9 /* Project object */;
}
